{
  "version": "4",
  "remote": {
    "https://cdn.skypack.dev/-/debug@v4.3.4-o4liVvMlOnQWbLSYZMXw/dist=es2019,mode=imports/optimized/debug.js": "671100993996e39b501301a87000607916d4d2d9f8fc8e9c5200ae5ba64a1389",
    "https://cdn.skypack.dev/-/ms@v2.1.2-giBDZ1IA5lmQ3ZXaa87V/dist=es2019,mode=imports/optimized/ms.js": "fd88e2d51900437011f1ad232f3393ce97db1b87a7844b3c58dd6d65562c1276",
    "https://cdn.skypack.dev/debug@4.3.4": "7b1d010cc930f71b940ba5941da055bc181115229e29de7214bdb4425c68ea76",
    "https://deno.land/std@0.202.0/path/_basename.ts": "057d420c9049821f983f784fd87fa73ac471901fb628920b67972b0f44319343",
    "https://deno.land/std@0.202.0/path/_constants.ts": "e49961f6f4f48039c0dfed3c3f93e963ca3d92791c9d478ac5b43183413136e0",
    "https://deno.land/std@0.202.0/path/_os.ts": "30b0c2875f360c9296dbe6b7f2d528f0f9c741cecad2e97f803f5219e91b40a2",
    "https://deno.land/std@0.202.0/path/_util.ts": "4e191b1bac6b3bf0c31aab42e5ca2e01a86ab5a0d2e08b75acf8585047a86221",
    "https://deno.land/std@0.202.0/path/basename.ts": "bdfa5a624c6a45564dc6758ef2077f2822978a6dbe77b0a3514f7d1f81362930",
    "https://deno.land/std@0.202.0/streams/_common.ts": "3b2c1f0287ce2ad51fff4091a7d0f48375c85b0ec341468e76d5ac13bb0014dd",
    "https://deno.land/std@0.202.0/streams/iterate_reader.ts": "3b42d3056c8ccade561f1c7ac22d5e671e745933d9f9168fd3b5913588d911c3",
    "https://deno.land/x/grammy@v1.19.2/bot.ts": "8d13cd72f1512e3f76d685131c7d0db5ba51f2c877db5ac2c0aa4b0f6f876aa8",
    "https://deno.land/x/grammy@v1.19.2/composer.ts": "8660f86990f4ef2afc4854a1f2610bb8d60f88116f3a57c8e5515a77b277f82d",
    "https://deno.land/x/grammy@v1.19.2/context.ts": "4cf51ed7538750edb4379f757f6b8b3c1f3987242d58393160b463c9ca13c997",
    "https://deno.land/x/grammy@v1.19.2/convenience/constants.ts": "3be0f6393ab2b2995fad6bcd4c9cf8a1a615ae4543fc864c107ba0dd38f123f6",
    "https://deno.land/x/grammy@v1.19.2/convenience/frameworks.ts": "77e2f9fc841ab92d4310b556126447a42f131ad976a6adfff454c016f339b28e",
    "https://deno.land/x/grammy@v1.19.2/convenience/inline_query.ts": "409d1940c7670708064efa495003bcbfdf6763a756b2e6303c464489fd3394ff",
    "https://deno.land/x/grammy@v1.19.2/convenience/input_media.ts": "7af72a5fdb1af0417e31b1327003f536ddfdf64e06ab8bc7f5da6b574de38658",
    "https://deno.land/x/grammy@v1.19.2/convenience/keyboard.ts": "21220dc2321c40203c699fa4eb7b07ed8217956ea0477c241a551224a58a278d",
    "https://deno.land/x/grammy@v1.19.2/convenience/session.ts": "f92d57b6b2b61920912cf5c44d4db2f6ca999fe4f9adef170c321889d49667c2",
    "https://deno.land/x/grammy@v1.19.2/convenience/webhook.ts": "f1da7d6426171fb7b5d5f6b59633f91d3bab9a474eea821f714932650965eb9e",
    "https://deno.land/x/grammy@v1.19.2/core/api.ts": "7d4d8df3567e322ab3b793360ee48da09f46ad531ef994a87b3e6aef4ec23bf2",
    "https://deno.land/x/grammy@v1.19.2/core/client.ts": "39639e4f5fc3a3f9d528c6906d7e3cdc268cf5d33929eeab801bb39642a59103",
    "https://deno.land/x/grammy@v1.19.2/core/error.ts": "4638b2127ebe60249c78b83011d468f5e1e1a87748d32fe11a8200d9f824ad13",
    "https://deno.land/x/grammy@v1.19.2/core/payload.ts": "420e17c3c2830b5576ea187cfce77578fe09f1204b25c25ea2f220ca7c86e73b",
    "https://deno.land/x/grammy@v1.19.2/filter.ts": "201ddac882ab6cd46cae2d18eb8097460dfe7cedadaab2ba16959c5286d5a5f1",
    "https://deno.land/x/grammy@v1.19.2/mod.ts": "b81cccf69779667b36bef5d0373d1567684917a3b9827873f3de7a7e6af1926f",
    "https://deno.land/x/grammy@v1.19.2/platform.deno.ts": "84735643c8dde2cf8af5ac2e6b8eb0768452260878da93238d673cb1b4ccea55",
    "https://deno.land/x/grammy@v1.19.2/types.deno.ts": "0f47eacde6d3d65f107f2abf16ecfe726298d30263367cc82e977c801b766229",
    "https://deno.land/x/grammy@v1.19.2/types.ts": "729415590dfa188dbe924dea614dff4e976babdbabb28a307b869fc25777cdf0",
    "https://deno.land/x/grammy_types@v3.3.0/api.ts": "efc90a31eb6f59ae5e7a4cf5838f46529e2fa6fa7e97a51a82dbd28afad21592",
    "https://deno.land/x/grammy_types@v3.3.0/inline.ts": "b5669d79f8c0c6f7d6ca856d548c1ac7d490efd54ee785d18a7c4fc12abfd73b",
    "https://deno.land/x/grammy_types@v3.3.0/manage.ts": "e39ec87e74469f70f35aa51dc520b02136ea5e75f9d7a7e0e513846a00b63fd2",
    "https://deno.land/x/grammy_types@v3.3.0/markup.ts": "7b547b79130a112f98fbd3f0f754c8bb926f7cab3040d244b5f597aea0e1ce09",
    "https://deno.land/x/grammy_types@v3.3.0/message.ts": "e78a7797174c537bb8de80597e265121615fa36a531dd88ac5af27aa68779172",
    "https://deno.land/x/grammy_types@v3.3.0/methods.ts": "7547cedfec2c2727b30b8fa38050aee6642c56673b21cfd0ac56b0e531f02795",
    "https://deno.land/x/grammy_types@v3.3.0/mod.ts": "7b5f421b4fbb1761f7f0d68328eaddd515f3222ce3f3cdfbedd8d5a4781e91a7",
    "https://deno.land/x/grammy_types@v3.3.0/passport.ts": "e3fb63aec96510bcc317ef48fd25b435444b8f407502d7568c00fce15f2958fd",
    "https://deno.land/x/grammy_types@v3.3.0/payment.ts": "d23e9038c5b479b606e620dd84e3e67b6642ada110a962f2d5b5286e99ec7de5",
    "https://deno.land/x/grammy_types@v3.3.0/settings.ts": "5e989f5bd6c587d55673bd8052293869aa2f372e9223dd7f6e28632bfe021b6e",
    "https://deno.land/x/grammy_types@v3.3.0/update.ts": "6d5ec6d1f6d2acf021f807f6bbf7d541487f30672cfab4700e7f935a490c3b78",
    "https://deno.land/x/hono@v3.6.0/adapter/deno/serve-static.ts": "ba10cf6aaf39da942b0d49c3b9877ddba69d41d414c6551d890beb1085f58eea",
    "https://deno.land/x/hono@v3.6.0/client/client.ts": "343adfa07e8e13a520bc70cd486c3673a9d890e438b0fbf7b78e2332f55109df",
    "https://deno.land/x/hono@v3.6.0/client/index.ts": "3ff4cf246f3543f827a85a2c84d66a025ac350ee927613629bda47e854bfb7ba",
    "https://deno.land/x/hono@v3.6.0/client/utils.ts": "053273c002963b549d38268a1b423ac8ca211a8028bdab1ed0b781a62aa5e661",
    "https://deno.land/x/hono@v3.6.0/compose.ts": "e55ed7be2134f363ff3c8e8e2f520ff682c6a11a47d7189100ed69704ce10b9e",
    "https://deno.land/x/hono@v3.6.0/context.ts": "443f95e02569a13bac21ccb437e808fe3574ce68f8c7de2ac623e30816bf0bc4",
    "https://deno.land/x/hono@v3.6.0/helper/cookie/index.ts": "72e4e6e794c3889feecd504f62412d08ba388ee914f5483c8c65b00bdb329ea2",
    "https://deno.land/x/hono@v3.6.0/helper/html/index.ts": "a5028d8170dcc030d003749e743213e6532ff65798b741b81220207abc9af82d",
    "https://deno.land/x/hono@v3.6.0/hono-base.ts": "3594dd4622a295505da7e806f5af8f6ff2bf7481372a630b0e42893ed5957422",
    "https://deno.land/x/hono@v3.6.0/hono.ts": "4bb8574697129ccab8b3a0e457cdc78468c31e3330fece8a7d8850e9314bf5ef",
    "https://deno.land/x/hono@v3.6.0/http-exception.ts": "6071df078b5f76d279684d52fe82a590f447a64ffe1b75eb5064d0c8a8d2d676",
    "https://deno.land/x/hono@v3.6.0/jsx/index.ts": "f9d846121178eb90b37bdba312cc4cf133d3ff0df8e73f820f64fcc84233559c",
    "https://deno.land/x/hono@v3.6.0/middleware.ts": "21032c8d8468435b4268accd540b469cd764edfa745b5e36244a76f9eb898f0c",
    "https://deno.land/x/hono@v3.6.0/middleware/basic-auth/index.ts": "5505288ccf9364f56f7be2dfac841543b72e20656e54ac646a1a73a0aa853261",
    "https://deno.land/x/hono@v3.6.0/middleware/bearer-auth/index.ts": "d11fe14e0a3006f6d35c391e455fe20d8ece9561e48b6a5580e4b87dd491cd90",
    "https://deno.land/x/hono@v3.6.0/middleware/cache/index.ts": "9e5d31d33206bb5dba46dde16ed606dd2cb361d75c26b02e02c72bd1fb6fe53e",
    "https://deno.land/x/hono@v3.6.0/middleware/compress/index.ts": "85d315c9a942d7758e5c524dc94b736124646a56752e56c6e4284f3989b4692a",
    "https://deno.land/x/hono@v3.6.0/middleware/cors/index.ts": "d481eba7e05d3448cd326d3dca8b9c7e16ecf0d27a37fd7d700485834123ae5e",
    "https://deno.land/x/hono@v3.6.0/middleware/etag/index.ts": "4ad675e108dc98dccca0e9e35cd903701669a1aea676b8b51266c3b602e4d54c",
    "https://deno.land/x/hono@v3.6.0/middleware/jwt/index.ts": "6a8fa9ca42e49756dd1b8db6f0abe5b6684681ece8fc7f65a4892f7a82000236",
    "https://deno.land/x/hono@v3.6.0/middleware/logger/index.ts": "c139f372f482baeffbad68b14bef990e011fe8df578dcee71fb612ffad7fe748",
    "https://deno.land/x/hono@v3.6.0/middleware/powered-by/index.ts": "c36b7a3d1322c6a37f3d1510f7ff04a85aa6cacfac2173e5f1913eb16c3cc869",
    "https://deno.land/x/hono@v3.6.0/middleware/pretty-json/index.ts": "f6967ceecdb42c95ddd5e2e7bc8545d3e8bda111fa659f3f1336b2e6fe6b0bb0",
    "https://deno.land/x/hono@v3.6.0/middleware/secure-headers/index.ts": "d2b8a7978e3d201ead5ac8fd22e3adc9094189aebcba0d9cd51b98773927a5d5",
    "https://deno.land/x/hono@v3.6.0/middleware/timing/index.ts": "d6976a07d9d51a7b26dae1311fe51d0744f7d234498bac3fe024ec7088c0ca47",
    "https://deno.land/x/hono@v3.6.0/mod.ts": "90114a97be9111b348129ad0143e764a64921f60dd03b8f3da529db98a0d3a82",
    "https://deno.land/x/hono@v3.6.0/request.ts": "90886a74720b882c6567f04ea840dfc4a084c8d7eaea4acc7966c2d333c374a0",
    "https://deno.land/x/hono@v3.6.0/router.ts": "d03e2a9e862c898e8555b451ba80c65b1f39d487230815229e1f046dbd8546cb",
    "https://deno.land/x/hono@v3.6.0/router/linear-router/index.ts": "8a2a7144c50b1f4a92d9ee99c2c396716af144c868e10608255f969695efccd0",
    "https://deno.land/x/hono@v3.6.0/router/linear-router/router.ts": "90d4afc052b72f53dafbcf97fd32f24299b985f8a35dbdc70b28048201b3dcbc",
    "https://deno.land/x/hono@v3.6.0/router/pattern-router/index.ts": "304a66c50e243872037ed41c7dd79ed0c89d815e17e172e7ad7cdc4bc07d3383",
    "https://deno.land/x/hono@v3.6.0/router/pattern-router/router.ts": "8107b92cb713ba3727639c76fab44fd26883d5f2fa7dd39242150a0f269d4835",
    "https://deno.land/x/hono@v3.6.0/router/reg-exp-router/index.ts": "52755829213941756159b7a963097bafde5cc4fc22b13b1c7c9184dc0512d1db",
    "https://deno.land/x/hono@v3.6.0/router/reg-exp-router/node.ts": "8006b5bccb83d9fc98e0562a5545f6dd0be639ce445b089a6171c9c617aa8693",
    "https://deno.land/x/hono@v3.6.0/router/reg-exp-router/router.ts": "aeddd88e16a7ec3cf088a13ee952cfcb3319f97559767253e1a600f72fc70f27",
    "https://deno.land/x/hono@v3.6.0/router/reg-exp-router/trie.ts": "567493b301c44174f0895aedb8d055bbecf88f8a25626fa8ca61333bbd0c882c",
    "https://deno.land/x/hono@v3.6.0/router/smart-router/index.ts": "74f9b4fe15ea535900f2b9b048581915f12fe94e531dd2b0032f5610e61c3bef",
    "https://deno.land/x/hono@v3.6.0/router/smart-router/router.ts": "38209165dadea4182b42807a0a6c84a9258532a07ebf87262dc2b5b09d25a2a2",
    "https://deno.land/x/hono@v3.6.0/router/trie-router/index.ts": "3eb75e7f71ba81801631b30de6b1f5cefb2c7239c03797e2b2cbab5085911b41",
    "https://deno.land/x/hono@v3.6.0/router/trie-router/node.ts": "a52111dea7436d6817ffca04018eb65e552e9d7b15fba11b367016334dcb1b0f",
    "https://deno.land/x/hono@v3.6.0/router/trie-router/router.ts": "ad0b3fdabc33abd11a9f5819734aec743602a743cfc9f90ddad73787cd5e7727",
    "https://deno.land/x/hono@v3.6.0/types.ts": "c7059e2cf3a7cfbc4ad6898de8b6a68bc8fe31b45c4a0b322ece670f56ede7d4",
    "https://deno.land/x/hono@v3.6.0/utils/body.ts": "05843f155222c7c5906845e9478f9a97e44f290a26ba3214d042760b9138bbd6",
    "https://deno.land/x/hono@v3.6.0/utils/buffer.ts": "3fe5647e30e8350d16cad3b0d851c7d138d744812f6325b3aac2bcf56fa997aa",
    "https://deno.land/x/hono@v3.6.0/utils/cookie.ts": "8cc6a86b0d2d76c1bf65a78c51af59fcb91bb02aa86ac0d9e58675dad0b25b5e",
    "https://deno.land/x/hono@v3.6.0/utils/crypto.ts": "bda0e141bbe46d3a4a20f8fbcb6380d473b617123d9fdfa93e4499410b537acc",
    "https://deno.land/x/hono@v3.6.0/utils/encode.ts": "3b7c7d736123b5073542b34321700d4dbf5ff129c138f434bb2144a4d425ee89",
    "https://deno.land/x/hono@v3.6.0/utils/filepath.ts": "0059e4d88e62c3630aa67bd51eca0a6d4767c7e5d472d0ea2e1fec691008d152",
    "https://deno.land/x/hono@v3.6.0/utils/html.ts": "9dac0ef4014170bbd387c20913e60d6f506ecd95ba931c0e5a86e50962c118fe",
    "https://deno.land/x/hono@v3.6.0/utils/jwt/index.ts": "5e4b82a42eb3603351dfce726cd781ca41cb57437395409d227131aec348d2d5",
    "https://deno.land/x/hono@v3.6.0/utils/jwt/jwt.ts": "e822e0c183cdc77709ccfba7b527f624f695c149425a00602d314165a87ee1bf",
    "https://deno.land/x/hono@v3.6.0/utils/jwt/types.ts": "16d7fa878a875eddd0049f0aa0192075058f19d51816a5d484d9b80e4d27abea",
    "https://deno.land/x/hono@v3.6.0/utils/mime.ts": "0105d2b5e8e91f07acc70f5d06b388313995d62af23c802fcfba251f5a744d95",
    "https://deno.land/x/hono@v3.6.0/utils/url.ts": "5fc3307ef3cb2e6f34ec2a03e3d7f2126c6a9f5f0eab677222df3f0e40bd7567",
    "https://deno.land/x/hono@v3.6.0/validator/index.ts": "6c986e8b91dcf857ecc8164a506ae8eea8665792a4ff7215471df669c632ae7c",
    "https://deno.land/x/hono@v3.6.0/validator/validator.ts": "9f3ef3ab2310cb1348019e1d8bbdf866543358eb9053b4bdc7285335a4fd6916",
    "https://esm.sh/dayjs@1.11.10/": "ee76df45dea7bec0217949e9d6d04dbff2d33587bd12648439dceeabe7b3c9f4",
    "https://esm.sh/dayjs@1.11.10/denonext/dayjs.mjs": "cf7ef73255d09f28113556f1cfb3f99298f1e2bcfe2e8f6af8e83fe1d8d7cbdb"
  }
}
